
Microsoft Visual Studio Solution File, Format Version 12.00
# Visual Studio Version 17
VisualStudioVersion = 17.5.001.0
MinimumVisualStudioVersion = 10.0.40219.1
Project("{9A19103F-16F7-4668-BE54-9A1E7A4F7556}") = "Tasks", "Tasks.csproj", "{3DF7FD83-46C6-4E9E-B168-C42F22830754}"
EndProject
Global
	GlobalSection(SolutionConfigurationPlatforms) = preSolution
		Debug|Any CPU = Debug|Any CPU
		Release|Any CPU = Release|Any CPU
	EndGlobalSection
	GlobalSection(ProjectConfigurationPlatforms) = postSolution
		{3DF7FD83-46C6-4E9E-B168-C42F22830754}.Debug|Any CPU.ActiveCfg = Debug|Any CPU
		{3DF7FD83-46C6-4E9E-B168-C42F22830754}.Debug|Any CPU.Build.0 = Debug|Any CPU
		{3DF7FD83-46C6-4E9E-B168-C42F22830754}.Release|Any CPU.ActiveCfg = Release|Any CPU
		{3DF7FD83-46C6-4E9E-B168-C42F22830754}.Release|Any CPU.Build.0 = Release|Any CPU
	EndGlobalSection
	GlobalSection(SolutionProperties) = preSolution
		HideSolutionNode = FALSE
	EndGlobalSection
	GlobalSection(ExtensibilityGlobals) = postSolution
		SolutionGuid = {9A06B8CE-4B79-467A-A00F-4FD1A5996F13}
	EndGlobalSection
EndGlobal
